// !$*UTF8*$!
{
	archiveVersion = 1;
	classes = {
	};
	objectVersion = 55;
	objects = {

/* Begin PBXBuildFile section */
		6AA37E62275A29D500F1386D /* AppDelegate.swift in Sources */ = {isa = PBXBuildFile; fileRef = 6AA37E61275A29D500F1386D /* AppDelegate.swift */; };
		6AA37E64275A29D500F1386D /* SceneDelegate.swift in Sources */ = {isa = PBXBuildFile; fileRef = 6AA37E63275A29D500F1386D /* SceneDelegate.swift */; };
		6AA37E66275A29D500F1386D /* ViewController.swift in Sources */ = {isa = PBXBuildFile; fileRef = 6AA37E65275A29D500F1386D /* ViewController.swift */; };
		6AA37E69275A29D500F1386D /* Main.storyboard in Resources */ = {isa = PBXBuildFile; fileRef = 6AA37E67275A29D500F1386D /* Main.storyboard */; };
		6AA37E6B275A29D600F1386D /* Assets.xcassets in Resources */ = {isa = PBXBuildFile; fileRef = 6AA37E6A275A29D600F1386D /* Assets.xcassets */; };
		6AA37E6E275A29D600F1386D /* LaunchScreen.storyboard in Resources */ = {isa = PBXBuildFile; fileRef = 6AA37E6C275A29D600F1386D /* LaunchScreen.storyboard */; };
		6AA37E79275A29D600F1386D /* tanshi_OriginalTests.swift in Sources */ = {isa = PBXBuildFile; fileRef = 6AA37E78275A29D600F1386D /* tanshi_OriginalTests.swift */; };
		6AA37E83275A29D600F1386D /* tanshi_OriginalUITests.swift in Sources */ = {isa = PBXBuildFile; fileRef = 6AA37E82275A29D600F1386D /* tanshi_OriginalUITests.swift */; };
		6AA37E85275A29D600F1386D /* tanshi_OriginalUITestsLaunchTests.swift in Sources */ = {isa = PBXBuildFile; fileRef = 6AA37E84275A29D600F1386D /* tanshi_OriginalUITestsLaunchTests.swift */; };
/* End PBXBuildFile section */

/* Begin PBXContainerItemProxy section */
		6AA37E75275A29D600F1386D /* PBXContainerItemProxy */ = {
			isa = PBXContainerItemProxy;
			containerPortal = 6AA37E56275A29D400F1386D /* Project object */;
			proxyType = 1;
			remoteGlobalIDString = 6AA37E5D275A29D400F1386D;
			remoteInfo = "tanshi-Original";
		};
		6AA37E7F275A29D600F1386D /* PBXContainerItemProxy */ = {
			isa = PBXContainerItemProxy;
			containerPortal = 6AA37E56275A29D400F1386D /* Project object */;
			proxyType = 1;
			remoteGlobalIDString = 6AA37E5D275A29D400F1386D;
			remoteInfo = "tanshi-Original";
		};
/* End PBXContainerItemProxy section */

/* Begin PBXFileReference section */
		6AA37E5E275A29D500F1386D /* tanshi-Original.app */ = {isa = PBXFileReference; explicitFileType = wrapper.application; includeInIndex = 0; path = "tanshi-Original.app"; sourceTree = BUILT_PRODUCTS_DIR; };
		6AA37E61275A29D500F1386D /* AppDelegate.swift */ = {isa = PBXFileReference; lastKnownFileType = sourcecode.swift; path = AppDelegate.swift; sourceTree = "<group>"; };
		6AA37E63275A29D500F1386D /* SceneDelegate.swift */ = {isa = PBXFileReference; lastKnownFileType = sourcecode.swift; path = SceneDelegate.swift; sourceTree = "<group>"; };
		6AA37E65275A29D500F1386D /* ViewController.swift */ = {isa = PBXFileReference; lastKnownFileType = sourcecode.swift; path = ViewController.swift; sourceTree = "<group>"; };
		6AA37E68275A29D500F1386D /* Base */ = {isa = PBXFileReference; lastKnownFileType = file.storyboard; name = Base; path = Base.lproj/Main.storyboard; sourceTree = "<group>"; };
		6AA37E6A275A29D600F1386D /* Assets.xcassets */ = {isa = PBXFileReference; lastKnownFileType = folder.assetcatalog; path = Assets.xcassets; sourceTree = "<group>"; };
		6AA37E6D275A29D600F1386D /* Base */ = {isa = PBXFileReference; lastKnownFileType = file.storyboard; name = Base; path = Base.lproj/LaunchScreen.storyboard; sourceTree = "<group>"; };
		6AA37E6F275A29D600F1386D /* Info.plist */ = {isa = PBXFileReference; lastKnownFileType = text.plist.xml; path = Info.plist; sourceTree = "<group>"; };
		6AA37E74275A29D600F1386D /* tanshi-OriginalTests.xctest */ = {isa = PBXFileReference; explicitFileType = wrapper.cfbundle; includeInIndex = 0; path = "tanshi-OriginalTests.xctest"; sourceTree = BUILT_PRODUCTS_DIR; };
		6AA37E78275A29D600F1386D /* tanshi_OriginalTests.swift */ = {isa = PBXFileReference; lastKnownFileType = sourcecode.swift; path = tanshi_OriginalTests.swift; sourceTree = "<group>"; };
		6AA37E7E275A29D600F1386D /* tanshi-OriginalUITests.xctest */ = {isa = PBXFileReference; explicitFileType = wrapper.cfbundle; includeInIndex = 0; path = "tanshi-OriginalUITests.xctest"; sourceTree = BUILT_PRODUCTS_DIR; };
		6AA37E82275A29D600F1386D /* tanshi_OriginalUITests.swift */ = {isa = PBXFileReference; lastKnownFileType = sourcecode.swift; path = tanshi_OriginalUITests.swift; sourceTree = "<group>"; };
		6AA37E84275A29D600F1386D /* tanshi_OriginalUITestsLaunchTests.swift */ = {isa = PBXFileReference; lastKnownFileType = sourcecode.swift; path = tanshi_OriginalUITestsLaunchTests.swift; sourceTree = "<group>"; };
/* End PBXFileReference section */

/* Begin PBXFrameworksBuildPhase section */
		6AA37E5B275A29D400F1386D /* Frameworks */ = {
			isa = PBXFrameworksBuildPhase;
			buildActionMask = 2147483647;
			files = (
			);
			runOnlyForDeploymentPostprocessing = 0;
		};
		6AA37E71275A29D600F1386D /* Frameworks */ = {
			isa = PBXFrameworksBuildPhase;
			buildActionMask = 2147483647;
			files = (
			);
			runOnlyForDeploymentPostprocessing = 0;
		};
		6AA37E7B275A29D600F1386D /* Frameworks */ = {
			isa = PBXFrameworksBuildPhase;
			buildActionMask = 2147483647;
			files = (
			);
			runOnlyForDeploymentPostprocessing = 0;
		};
/* End PBXFrameworksBuildPhase section */

/* Begin PBXGroup section */
		6AA37E55275A29D400F1386D = {
			isa = PBXGroup;
			children = (
				6AA37E60275A29D500F1386D /* tanshi-Original */,
				6AA37E77275A29D600F1386D /* tanshi-OriginalTests */,
				6AA37E81275A29D600F1386D /* tanshi-OriginalUITests */,
				6AA37E5F275A29D500F1386D /* Products */,
			);
			sourceTree = "<group>";
		};
		6AA37E5F275A29D500F1386D /* Products */ = {
			isa = PBXGroup;
			children = (
				6AA37E5E275A29D500F1386D /* tanshi-Original.app */,
				6AA37E74275A29D600F1386D /* tanshi-OriginalTests.xctest */,
				6AA37E7E275A29D600F1386D /* tanshi-OriginalUITests.xctest */,
			);
			name = Products;
			sourceTree = "<group>";
		};
		6AA37E60275A29D500F1386D /* tanshi-Original */ = {
			isa = PBXGroup;
			children = (
				6AA37E61275A29D500F1386D /* AppDelegate.swift */,
				6AA37E63275A29D500F1386D /* SceneDelegate.swift */,
				6AA37E65275A29D500F1386D /* ViewController.swift */,
				6AA37E67275A29D500F1386D /* Main.storyboard */,
				6AA37E6A275A29D600F1386D /* Assets.xcassets */,
				6AA37E6C275A29D600F1386D /* LaunchScreen.storyboard */,
				6AA37E6F275A29D600F1386D /* Info.plist */,
			);
			path = "tanshi-Original";
			sourceTree = "<group>";
		};
		6AA37E77275A29D600F1386D /* tanshi-OriginalTests */ = {
			isa = PBXGroup;
			children = (
				6AA37E78275A29D600F1386D /* tanshi_OriginalTests.swift */,
			);
			path = "tanshi-OriginalTests";
			sourceTree = "<group>";
		};
		6AA37E81275A29D600F1386D /* tanshi-OriginalUITests */ = {
			isa = PBXGroup;
			children = (
				6AA37E82275A29D600F1386D /* tanshi_OriginalUITests.swift */,
				6AA37E84275A29D600F1386D /* tanshi_OriginalUITestsLaunchTests.swift */,
			);
			path = "tanshi-OriginalUITests";
			sourceTree = "<group>";
		};
/* End PBXGroup section */

/* Begin PBXNativeTarget section */
		6AA37E5D275A29D400F1386D /* tanshi-Original */ = {
			isa = PBXNativeTarget;
			buildConfigurationList = 6AA37E88275A29D600F1386D /* Build configuration list for PBXNativeTarget "tanshi-Original" */;
			buildPhases = (
				6AA37E5A275A29D400F1386D /* Sources */,
				6AA37E5B275A29D400F1386D /* Frameworks */,
				6AA37E5C275A29D400F1386D /* Resources */,
			);
			buildRules = (
			);
			dependencies = (
			);
			name = "tanshi-Original";
			productName = "tanshi-Original";
			productReference = 6AA37E5E275A29D500F1386D /* tanshi-Original.app */;
			productType = "com.apple.product-type.application";
		};
		6AA37E73275A29D600F1386D /* tanshi-OriginalTests */ = {
			isa = PBXNativeTarget;
			buildConfigurationList = 6AA37E8B275A29D600F1386D /* Build configuration list for PBXNativeTarget "tanshi-OriginalTests" */;
			buildPhases = (
				6AA37E70275A29D600F1386D /* Sources */,
				6AA37E71275A29D600F1386D /* Frameworks */,
				6AA37E72275A29D600F1386D /* Resources */,
			);
			buildRules = (
			);
			dependencies = (
				6AA37E76275A29D600F1386D /* PBXTargetDependency */,
			);
			name = "tanshi-OriginalTests";
			productName = "tanshi-OriginalTests";
			productReference = 6AA37E74275A29D600F1386D /* tanshi-OriginalTests.xctest */;
			productType = "com.apple.product-type.bundle.unit-test";
		};
		6AA37E7D275A29D600F1386D /* tanshi-OriginalUITests */ = {
			isa = PBXNativeTarget;
			buildConfigurationList = 6AA37E8E275A29D600F1386D /* Build configuration list for PBXNativeTarget "tanshi-OriginalUITests" */;
			buildPhases = (
				6AA37E7A275A29D600F1386D /* Sources */,
				6AA37E7B275A29D600F1386D /* Frameworks */,
				6AA37E7C275A29D600F1386D /* Resources */,
			);
			buildRules = (
			);
			dependencies = (
				6AA37E80275A29D600F1386D /* PBXTargetDependency */,
			);
			name = "tanshi-OriginalUITests";
			productName = "tanshi-OriginalUITests";
			productReference = 6AA37E7E275A29D600F1386D /* tanshi-OriginalUITests.xctest */;
			productType = "com.apple.product-type.bundle.ui-testing";
		};
/* End PBXNativeTarget section */

/* Begin PBXProject section */
		6AA37E56275A29D400F1386D /* Project object */ = {
			isa = PBXProject;
			attributes = {
				BuildIndependentTargetsInParallel = 1;
				LastSwiftUpdateCheck = 1310;
				LastUpgradeCheck = 1310;
				TargetAttributes = {
					6AA37E5D275A29D400F1386D = {
						CreatedOnToolsVersion = 13.1;
					};
					6AA37E73275A29D600F1386D = {
						CreatedOnToolsVersion = 13.1;
						TestTargetID = 6AA37E5D275A29D400F1386D;
					};
					6AA37E7D275A29D600F1386D = {
						CreatedOnToolsVersion = 13.1;
						TestTargetID = 6AA37E5D275A29D400F1386D;
					};
				};
			};
			buildConfigurationList = 6AA37E59275A29D400F1386D /* Build configuration list for PBXProject "tanshi-Original" */;
			compatibilityVersion = "Xcode 13.0";
			developmentRegion = en;
			hasScannedForEncodings = 0;
			knownRegions = (
				en,
				Base,
			);
			mainGroup = 6AA37E55275A29D400F1386D;
			productRefGroup = 6AA37E5F275A29D500F1386D /* Products */;
			projectDirPath = "";
			projectRoot = "";
			targets = (
				6AA37E5D275A29D400F1386D /* tanshi-Original */,
				6AA37E73275A29D600F1386D /* tanshi-OriginalTests */,
				6AA37E7D275A29D600F1386D /* tanshi-OriginalUITests */,
			);
		};
/* End PBXProject section */

/* Begin PBXResourcesBuildPhase section */
		6AA37E5C275A29D400F1386D /* Resources */ = {
			isa = PBXResourcesBuildPhase;
			buildActionMask = 2147483647;
			files = (
				6AA37E6E275A29D600F1386D /* LaunchScreen.storyboard in Resources */,
				6AA37E6B275A29D600F1386D /* Assets.xcassets in Resources */,
				6AA37E69275A29D500F1386D /* Main.storyboard in Resources */,
			);
			runOnlyForDeploymentPostprocessing = 0;
		};
		6AA37E72275A29D600F1386D /* Resources */ = {
			isa = PBXResourcesBuildPhase;
			buildActionMask = 2147483647;
			files = (
			);
			runOnlyForDeploymentPostprocessing = 0;
		};
		6AA37E7C275A29D600F1386D /* Resources */ = {
			isa = PBXResourcesBuildPhase;
			buildActionMask = 2147483647;
			files = (
			);
			runOnlyForDeploymentPostprocessing = 0;
		};
/* End PBXResourcesBuildPhase section */

/* Begin PBXSourcesBuildPhase section */
		6AA37E5A275A29D400F1386D /* Sources */ = {
			isa = PBXSourcesBuildPhase;
			buildActionMask = 2147483647;
			files = (
				6AA37E66275A29D500F1386D /* ViewController.swift in Sources */,
				6AA37E62275A29D500F1386D /* AppDelegate.swift in Sources */,
				6AA37E64275A29D500F1386D /* SceneDelegate.swift in Sources */,
			);
			runOnlyForDeploymentPostprocessing = 0;
		};
		6AA37E70275A29D600F1386D /* Sources */ = {
			isa = PBXSourcesBuildPhase;
			buildActionMask = 2147483647;
			files = (
				6AA37E79275A29D600F1386D /* tanshi_OriginalTests.swift in Sources */,
			);
			runOnlyForDeploymentPostprocessing = 0;
		};
		6AA37E7A275A29D600F1386D /* Sources */ = {
			isa = PBXSourcesBuildPhase;
			buildActionMask = 2147483647;
			files = (
				6AA37E85275A29D600F1386D /* tanshi_OriginalUITestsLaunchTests.swift in Sources */,
				6AA37E83275A29D600F1386D /* tanshi_OriginalUITests.swift in Sources */,
			);
			runOnlyForDeploymentPostprocessing = 0;
		};
/* End PBXSourcesBuildPhase section */

/* Begin PBXTargetDependency section */
		6AA37E76275A29D600F1386D /* PBXTargetDependency */ = {
			isa = PBXTargetDependency;
			target = 6AA37E5D275A29D400F1386D /* tanshi-Original */;
			targetProxy = 6AA37E75275A29D600F1386D /* PBXContainerItemProxy */;
		};
		6AA37E80275A29D600F1386D /* PBXTargetDependency */ = {
			isa = PBXTargetDependency;
			target = 6AA37E5D275A29D400F1386D /* tanshi-Original */;
			targetProxy = 6AA37E7F275A29D600F1386D /* PBXContainerItemProxy */;
		};
/* End PBXTargetDependency section */

/* Begin PBXVariantGroup section */
		6AA37E67275A29D500F1386D /* Main.storyboard */ = {
			isa = PBXVariantGroup;
			children = (
				6AA37E68275A29D500F1386D /* Base */,
			);
			name = Main.storyboard;
			sourceTree = "<group>";
		};
		6AA37E6C275A29D600F1386D /* LaunchScreen.storyboard */ = {
			isa = PBXVariantGroup;
			children = (
				6AA37E6D275A29D600F1386D /* Base */,
			);
			name = LaunchScreen.storyboard;
			sourceTree = "<group>";
		};
/* End PBXVariantGroup section */

/* Begin XCBuildConfiguration section */
		6AA37E86275A29D600F1386D /* Debug */ = {
			isa = XCBuildConfiguration;
			buildSettings = {
				ALWAYS_SEARCH_USER_PATHS = NO;
				CLANG_ANALYZER_NONNULL = YES;
				CLANG_ANALYZER_NUMBER_OBJECT_CONVERSION = YES_AGGRESSIVE;
				CLANG_CXX_LANGUAGE_STANDARD = "gnu++17";
				CLANG_CXX_LIBRARY = "libc++";
				CLANG_ENABLE_MODULES = YES;
				CLANG_ENABLE_OBJC_ARC = YES;
				CLANG_ENABLE_OBJC_WEAK = YES;
				CLANG_WARN_BLOCK_CAPTURE_AUTORELEASING = YES;
				CLANG_WARN_BOOL_CONVERSION = YES;
				CLANG_WARN_COMMA = YES;
				CLANG_WARN_CONSTANT_CONVERSION = YES;
				CLANG_WARN_DEPRECATED_OBJC_IMPLEMENTATIONS = YES;
				CLANG_WARN_DIRECT_OBJC_ISA_USAGE = YES_ERROR;
				CLANG_WARN_DOCUMENTATION_COMMENTS = YES;
				CLANG_WARN_EMPTY_BODY = YES;
				CLANG_WARN_ENUM_CONVERSION = YES;
				CLANG_WARN_INFINITE_RECURSION = YES;
				CLANG_WARN_INT_CONVERSION = YES;
				CLANG_WARN_NON_LITERAL_NULL_CONVERSION = YES;
				CLANG_WARN_OBJC_IMPLICIT_RETAIN_SELF = YES;
				CLANG_WARN_OBJC_LITERAL_CONVERSION = YES;
				CLANG_WARN_OBJC_ROOT_CLASS = YES_ERROR;
				CLANG_WARN_QUOTED_INCLUDE_IN_FRAMEWORK_HEADER = YES;
				CLANG_WARN_RANGE_LOOP_ANALYSIS = YES;
				CLANG_WARN_STRICT_PROTOTYPES = YES;
				CLANG_WARN_SUSPICIOUS_MOVE = YES;
				CLANG_WARN_UNGUARDED_AVAILABILITY = YES_AGGRESSIVE;
				CLANG_WARN_UNREACHABLE_CODE = YES;
				CLANG_WARN__DUPLICATE_METHOD_MATCH = YES;
				COPY_PHASE_STRIP = NO;
				DEBUG_INFORMATION_FORMAT = dwarf;
				ENABLE_STRICT_OBJC_MSGSEND = YES;
				ENABLE_TESTABILITY = YES;
				GCC_C_LANGUAGE_STANDARD = gnu11;
				GCC_DYNAMIC_NO_PIC = NO;
				GCC_NO_COMMON_BLOCKS = YES;
				GCC_OPTIMIZATION_LEVEL = 0;
				GCC_PREPROCESSOR_DEFINITIONS = (
					"DEBUG=1",
					"$(inherited)",
				);
				GCC_WARN_64_TO_32_BIT_CONVERSION = YES;
				GCC_WARN_ABOUT_RETURN_TYPE = YES_ERROR;
				GCC_WARN_UNDECLARED_SELECTOR = YES;
				GCC_WARN_UNINITIALIZED_AUTOS = YES_AGGRESSIVE;
				GCC_WARN_UNUSED_FUNCTION = YES;
				GCC_WARN_UNUSED_VARIABLE = YES;
				IPHONEOS_DEPLOYMENT_TARGET = 15.0;
				MTL_ENABLE_DEBUG_INFO = INCLUDE_SOURCE;
				MTL_FAST_MATH = YES;
				ONLY_ACTIVE_ARCH = YES;
				SDKROOT = iphoneos;
				SWIFT_ACTIVE_COMPILATION_CONDITIONS = DEBUG;
				SWIFT_OPTIMIZATION_LEVEL = "-Onone";
			};
			name = Debug;
		};
		6AA37E87275A29D600F1386D /* Release */ = {
			isa = XCBuildConfiguration;
			buildSettings = {
				ALWAYS_SEARCH_USER_PATHS = NO;
				CLANG_ANALYZER_NONNULL = YES;
				CLANG_ANALYZER_NUMBER_OBJECT_CONVERSION = YES_AGGRESSIVE;
				CLANG_CXX_LANGUAGE_STANDARD = "gnu++17";
				CLANG_CXX_LIBRARY = "libc++";
				CLANG_ENABLE_MODULES = YES;
				CLANG_ENABLE_OBJC_ARC = YES;
				CLANG_ENABLE_OBJC_WEAK = YES;
				CLANG_WARN_BLOCK_CAPTURE_AUTORELEASING = YES;
				CLANG_WARN_BOOL_CONVERSION = YES;
				CLANG_WARN_COMMA = YES;
				CLANG_WARN_CONSTANT_CONVERSION = YES;
				CLANG_WARN_DEPRECATED_OBJC_IMPLEMENTATIONS = YES;
				CLANG_WARN_DIRECT_OBJC_ISA_USAGE = YES_ERROR;
				CLANG_WARN_DOCUMENTATION_COMMENTS = YES;
				CLANG_WARN_EMPTY_BODY = YES;
				CLANG_WARN_ENUM_CONVERSION = YES;
				CLANG_WARN_INFINITE_RECURSION = YES;
				CLANG_WARN_INT_CONVERSION = YES;
				CLANG_WARN_NON_LITERAL_NULL_CONVERSION = YES;
				CLANG_WARN_OBJC_IMPLICIT_RETAIN_SELF = YES;
				CLANG_WARN_OBJC_LITERAL_CONVERSION = YES;
				CLANG_WARN_OBJC_ROOT_CLASS = YES_ERROR;
				CLANG_WARN_QUOTED_INCLUDE_IN_FRAMEWORK_HEADER = YES;
				CLANG_WARN_RANGE_LOOP_ANALYSIS = YES;
				CLANG_WARN_STRICT_PROTOTYPES = YES;
				CLANG_WARN_SUSPICIOUS_MOVE = YES;
				CLANG_WARN_UNGUARDED_AVAILABILITY = YES_AGGRESSIVE;
				CLANG_WARN_UNREACHABLE_CODE = YES;
				CLANG_WARN__DUPLICATE_METHOD_MATCH = YES;
				COPY_PHASE_STRIP = NO;
				DEBUG_INFORMATION_FORMAT = "dwarf-with-dsym";
				ENABLE_NS_ASSERTIONS = NO;
				ENABLE_STRICT_OBJC_MSGSEND = YES;
				GCC_C_LANGUAGE_STANDARD = gnu11;
				GCC_NO_COMMON_BLOCKS = YES;
				GCC_WARN_64_TO_32_BIT_CONVERSION = YES;
				GCC_WARN_ABOUT_RETURN_TYPE = YES_ERROR;
				GCC_WARN_UNDECLARED_SELECTOR = YES;
				GCC_WARN_UNINITIALIZED_AUTOS = YES_AGGRESSIVE;
				GCC_WARN_UNUSED_FUNCTION = YES;
				GCC_WARN_UNUSED_VARIABLE = YES;
				IPHONEOS_DEPLOYMENT_TARGET = 15.0;
				MTL_ENABLE_DEBUG_INFO = NO;
				MTL_FAST_MATH = YES;
				SDKROOT = iphoneos;
				SWIFT_COMPILATION_MODE = wholemodule;
				SWIFT_OPTIMIZATION_LEVEL = "-O";
				VALIDATE_PRODUCT = YES;
			};
			name = Release;
		};
		6AA37E89275A29D600F1386D /* Debug */ = {
			isa = XCBuildConfiguration;
			buildSettings = {
				ASSETCATALOG_COMPILER_APPICON_NAME = AppIcon;
				ASSETCATALOG_COMPILER_GLOBAL_ACCENT_COLOR_NAME = AccentColor;
				CODE_SIGN_STYLE = Automatic;
				CURRENT_PROJECT_VERSION = 1;
				DEVELOPMENT_TEAM = 7224LYP299;
				GENERATE_INFOPLIST_FILE = YES;
				INFOPLIST_FILE = "tanshi-Original/Info.plist";
				INFOPLIST_KEY_UIApplicationSupportsIndirectInputEvents = YES;
				INFOPLIST_KEY_UILaunchStoryboardName = LaunchScreen;
				INFOPLIST_KEY_UIMainStoryboardFile = Main;
				INFOPLIST_KEY_UISupportedInterfaceOrientations_iPad = "UIInterfaceOrientationPortrait UIInterfaceOrientationPortraitUpsideDown UIInterfaceOrientationLandscapeLeft UIInterfaceOrientationLandscapeRight";
				INFOPLIST_KEY_UISupportedInterfaceOrientations_iPhone = "UIInterfaceOrientationPortrait UIInterfaceOrientationLandscapeLeft UIInterfaceOrientationLandscapeRight";
				LD_RUNPATH_SEARCH_PATHS = (
					"$(inherited)",
					"@executable_path/Frameworks",
				);
				MARKETING_VERSION = 1.0;
				PRODUCT_BUNDLE_IDENTIFIER = "com.litech.tanshi-Original";
				PRODUCT_NAME = "$(TARGET_NAME)";
				SWIFT_EMIT_LOC_STRINGS = YES;
				SWIFT_VERSION = 5.0;
				TARGETED_DEVICE_FAMILY = "1,2";
			};
			name = Debug;
		};
		6AA37E8A275A29D600F1386D /* Release */ = {
			isa = XCBuildConfiguration;
			buildSettings = {
				ASSETCATALOG_COMPILER_APPICON_NAME = AppIcon;
				ASSETCATALOG_COMPILER_GLOBAL_ACCENT_COLOR_NAME = AccentColor;
				CODE_SIGN_STYLE = Automatic;
				CURRENT_PROJECT_VERSION = 1;
				DEVELOPMENT_TEAM = 7224LYP299;
				GENERATE_INFOPLIST_FILE = YES;
				INFOPLIST_FILE = "tanshi-Original/Info.plist";
				INFOPLIST_KEY_UIApplicationSupportsIndirectInputEvents = YES;
				INFOPLIST_KEY_UILaunchStoryboardName = LaunchScreen;
				INFOPLIST_KEY_UIMainStoryboardFile = Main;
				INFOPLIST_KEY_UISupportedInterfaceOrientations_iPad = "UIInterfaceOrientationPortrait UIInterfaceOrientationPortraitUpsideDown UIInterfaceOrientationLandscapeLeft UIInterfaceOrientationLandscapeRight";
				INFOPLIST_KEY_UISupportedInterfaceOrientations_iPhone = "UIInterfaceOrientationPortrait UIInterfaceOrientationLandscapeLeft UIInterfaceOrientationLandscapeRight";
				LD_RUNPATH_SEARCH_PATHS = (
					"$(inherited)",
					"@executable_path/Frameworks",
				);
				MARKETING_VERSION = 1.0;
				PRODUCT_BUNDLE_IDENTIFIER = "com.litech.tanshi-Original";
				PRODUCT_NAME = "$(TARGET_NAME)";
				SWIFT_EMIT_LOC_STRINGS = YES;
				SWIFT_VERSION = 5.0;
				TARGETED_DEVICE_FAMILY = "1,2";
			};
			name = Release;
		};
		6AA37E8C275A29D600F1386D /* Debug */ = {
			isa = XCBuildConfiguration;
			buildSettings = {
				ALWAYS_EMBED_SWIFT_STANDARD_LIBRARIES = YES;
				BUNDLE_LOADER = "$(TEST_HOST)";
				CODE_SIGN_STYLE = Automatic;
				CURRENT_PROJECT_VERSION = 1;
				DEVELOPMENT_TEAM = 7224LYP299;
				GENERATE_INFOPLIST_FILE = YES;
				IPHONEOS_DEPLOYMENT_TARGET = 15.0;
				LD_RUNPATH_SEARCH_PATHS = (
					"$(inherited)",
					"@executable_path/Frameworks",
					"@loader_path/Frameworks",
				);
				MARKETING_VERSION = 1.0;
				PRODUCT_BUNDLE_IDENTIFIER = "com.litech.tanshi-OriginalTests";
				PRODUCT_NAME = "$(TARGET_NAME)";
				SWIFT_EMIT_LOC_STRINGS = NO;
				SWIFT_VERSION = 5.0;
				TARGETED_DEVICE_FAMILY = "1,2";
				TEST_HOST = "$(BUILT_PRODUCTS_DIR)/tanshi-Original.app/tanshi-Original";
			};
			name = Debug;
		};
		6AA37E8D275A29D600F1386D /* Release */ = {
			isa = XCBuildConfiguration;
			buildSettings = {
				ALWAYS_EMBED_SWIFT_STANDARD_LIBRARIES = YES;
				BUNDLE_LOADER = "$(TEST_HOST)";
				CODE_SIGN_STYLE = Automatic;
				CURRENT_PROJECT_VERSION = 1;
				DEVELOPMENT_TEAM = 7224LYP299;
				GENERATE_INFOPLIST_FILE = YES;
				IPHONEOS_DEPLOYMENT_TARGET = 15.0;
				LD_RUNPATH_SEARCH_PATHS = (
					"$(inherited)",
					"@executable_path/Frameworks",
					"@loader_path/Frameworks",
				);
				MARKETING_VERSION = 1.0;
				PRODUCT_BUNDLE_IDENTIFIER = "com.litech.tanshi-OriginalTests";
				PRODUCT_NAME = "$(TARGET_NAME)";
				SWIFT_EMIT_LOC_STRINGS = NO;
				SWIFT_VERSION = 5.0;
				TARGETED_DEVICE_FAMILY = "1,2";
				TEST_HOST = "$(BUILT_PRODUCTS_DIR)/tanshi-Original.app/tanshi-Original";
			};
			name = Release;
		};
		6AA37E8F275A29D600F1386D /* Debug */ = {
			isa = XCBuildConfiguration;
			buildSettings = {
				ALWAYS_EMBED_SWIFT_STANDARD_LIBRARIES = YES;
				CODE_SIGN_STYLE = Automatic;
				CURRENT_PROJECT_VERSION = 1;
				DEVELOPMENT_TEAM = 7224LYP299;
				GENERATE_INFOPLIST_FILE = YES;
				LD_RUNPATH_SEARCH_PATHS = (
					"$(inherited)",
					"@executable_path/Frameworks",
					"@loader_path/Frameworks",
				);
				MARKETING_VERSION = 1.0;
				PRODUCT_BUNDLE_IDENTIFIER = "com.litech.tanshi-OriginalUITests";
				PRODUCT_NAME = "$(TARGET_NAME)";
				SWIFT_EMIT_LOC_STRINGS = NO;
				SWIFT_VERSION = 5.0;
				TARGETED_DEVICE_FAMILY = "1,2";
				TEST_TARGET_NAME = "tanshi-Original";
			};
			name = Debug;
		};
		6AA37E90275A29D600F1386D /* Release */ = {
			isa = XCBuildConfiguration;
			buildSettings = {
				ALWAYS_EMBED_SWIFT_STANDARD_LIBRARIES = YES;
				CODE_SIGN_STYLE = Automatic;
				CURRENT_PROJECT_VERSION = 1;
				DEVELOPMENT_TEAM = 7224LYP299;
				GENERATE_INFOPLIST_FILE = YES;
				LD_RUNPATH_SEARCH_PATHS = (
					"$(inherited)",
					"@executable_path/Frameworks",
					"@loader_path/Frameworks",
				);
				MARKETING_VERSION = 1.0;
				PRODUCT_BUNDLE_IDENTIFIER = "com.litech.tanshi-OriginalUITests";
				PRODUCT_NAME = "$(TARGET_NAME)";
				SWIFT_EMIT_LOC_STRINGS = NO;
				SWIFT_VERSION = 5.0;
				TARGETED_DEVICE_FAMILY = "1,2";
				TEST_TARGET_NAME = "tanshi-Original";
			};
			name = Release;
		};
/* End XCBuildConfiguration section */

/* Begin XCConfigurationList section */
		6AA37E59275A29D400F1386D /* Build configuration list for PBXProject "tanshi-Original" */ = {
			isa = XCConfigurationList;
			buildConfigurations = (
				6AA37E86275A29D600F1386D /* Debug */,
				6AA37E87275A29D600F1386D /* Release */,
			);
			defaultConfigurationIsVisible = 0;
			defaultConfigurationName = Release;
		};
		6AA37E88275A29D600F1386D /* Build configuration list for PBXNativeTarget "tanshi-Original" */ = {
			isa = XCConfigurationList;
			buildConfigurations = (
				6AA37E89275A29D600F1386D /* Debug */,
				6AA37E8A275A29D600F1386D /* Release */,
			);
			defaultConfigurationIsVisible = 0;
			defaultConfigurationName = Release;
		};
		6AA37E8B275A29D600F1386D /* Build configuration list for PBXNativeTarget "tanshi-OriginalTests" */ = {
			isa = XCConfigurationList;
			buildConfigurations = (
				6AA37E8C275A29D600F1386D /* Debug */,
				6AA37E8D275A29D600F1386D /* Release */,
			);
			defaultConfigurationIsVisible = 0;
			defaultConfigurationName = Release;
		};
		6AA37E8E275A29D600F1386D /* Build configuration list for PBXNativeTarget "tanshi-OriginalUITests" */ = {
			isa = XCConfigurationList;
			buildConfigurations = (
				6AA37E8F275A29D600F1386D /* Debug */,
				6AA37E90275A29D600F1386D /* Release */,
			);
			defaultConfigurationIsVisible = 0;
			defaultConfigurationName = Release;
		};
/* End XCConfigurationList section */
	};
	rootObject = 6AA37E56275A29D400F1386D /* Project object */;
}
